{
  "name": "shdvgj.github.io",
  "lockfileVersion": 3,
  "requires": true,
  "packages": {
    "": {
      "dependencies": {
        "hexo-theme-next": "^8.17.1"
      }
    },
    "node_modules/hexo-theme-next": {
      "version": "8.17.1",
      "resolved": "https://registry.npmjs.org/hexo-theme-next/-/hexo-theme-next-8.17.1.tgz",
      "integrity": "sha512-jtZITm8l/3EfNamUygVGOsyJDMl2JqLfO4xOOz4Cj2I588H4YxSb/Fgc0PnNvD7jsI9GlpNr8EKbbf3tj0FRTw=="
    }
  }
}
